
Microsoft Visual Studio Solution File, Format Version 12.00
# Visual Studio Version 17
VisualStudioVersion = 17.0.32112.339
MinimumVisualStudioVersion = 10.0.40219.1
Project("{151D2E53-A2C4-4D7D-83FE-D05416EBD58E}") = "AzureResourceGroup1", "AzureResourceGroup1.deployproj", "{F660FF42-8448-4328-853A-28EADC918F15}"
EndProject
Global
	GlobalSection(SolutionConfigurationPlatforms) = preSolution
		Debug|Any CPU = Debug|Any CPU
		Release|Any CPU = Release|Any CPU
	EndGlobalSection
	GlobalSection(ProjectConfigurationPlatforms) = postSolution
		{F660FF42-8448-4328-853A-28EADC918F15}.Debug|Any CPU.ActiveCfg = Debug|Any CPU
		{F660FF42-8448-4328-853A-28EADC918F15}.Debug|Any CPU.Build.0 = Debug|Any CPU
		{F660FF42-8448-4328-853A-28EADC918F15}.Release|Any CPU.ActiveCfg = Release|Any CPU
		{F660FF42-8448-4328-853A-28EADC918F15}.Release|Any CPU.Build.0 = Release|Any CPU
	EndGlobalSection
	GlobalSection(SolutionProperties) = preSolution
		HideSolutionNode = FALSE
	EndGlobalSection
	GlobalSection(ExtensibilityGlobals) = postSolution
		SolutionGuid = {D8002ABE-BD82-4918-8932-544C46526FB4}
	EndGlobalSection
EndGlobal
